
Microsoft Visual Studio Solution File, Format Version 11.00
# Visual Studio 2010
Project("{FAE04EC0-301F-11D3-BF4B-00C04F79EFBC}") = "Builderdash", "Builderdash\Builderdash.csproj", "{27978836-1FC3-4F25-9A32-C7F880CE85F2}"
EndProject
Project("{FAE04EC0-301F-11D3-BF4B-00C04F79EFBC}") = "Builderdash.Master", "Builderdash.Master\Builderdash.Master.csproj", "{5137A202-549E-4E98-BFFD-AAF36F9598E7}"
EndProject
Project("{FAE04EC0-301F-11D3-BF4B-00C04F79EFBC}") = "Builderdash.Agent", "Builderdash.Agent\Builderdash.Agent.csproj", "{C25BCD4E-6BFB-4DEC-8668-74D544376D35}"
EndProject
Project("{FAE04EC0-301F-11D3-BF4B-00C04F79EFBC}") = "Builderdash.Client", "Builderdash.Client\Builderdash.Client.csproj", "{5A53DD0B-686A-42CE-8090-8002680E7A8C}"
EndProject
Project("{2150E333-8FDC-42A3-9474-1A3956D46DE8}") = "Solution Items", "Solution Items", "{514E9924-AADF-4566-8A66-C0D3F8860CAB}"
	ProjectSection(SolutionItems) = preProject
		trace.config = trace.config
	EndProjectSection
EndProject
Global
	GlobalSection(SolutionConfigurationPlatforms) = preSolution
		Debug|Any CPU = Debug|Any CPU
		Debug|Mixed Platforms = Debug|Mixed Platforms
		Debug|x86 = Debug|x86
		Release|Any CPU = Release|Any CPU
		Release|Mixed Platforms = Release|Mixed Platforms
		Release|x86 = Release|x86
	EndGlobalSection
	GlobalSection(ProjectConfigurationPlatforms) = postSolution
		{27978836-1FC3-4F25-9A32-C7F880CE85F2}.Debug|Any CPU.ActiveCfg = Debug|Any CPU
		{27978836-1FC3-4F25-9A32-C7F880CE85F2}.Debug|Any CPU.Build.0 = Debug|Any CPU
		{27978836-1FC3-4F25-9A32-C7F880CE85F2}.Debug|Mixed Platforms.ActiveCfg = Debug|Any CPU
		{27978836-1FC3-4F25-9A32-C7F880CE85F2}.Debug|Mixed Platforms.Build.0 = Debug|Any CPU
		{27978836-1FC3-4F25-9A32-C7F880CE85F2}.Debug|x86.ActiveCfg = Debug|Any CPU
		{27978836-1FC3-4F25-9A32-C7F880CE85F2}.Release|Any CPU.ActiveCfg = Release|Any CPU
		{27978836-1FC3-4F25-9A32-C7F880CE85F2}.Release|Any CPU.Build.0 = Release|Any CPU
		{27978836-1FC3-4F25-9A32-C7F880CE85F2}.Release|Mixed Platforms.ActiveCfg = Release|Any CPU
		{27978836-1FC3-4F25-9A32-C7F880CE85F2}.Release|Mixed Platforms.Build.0 = Release|Any CPU
		{27978836-1FC3-4F25-9A32-C7F880CE85F2}.Release|x86.ActiveCfg = Release|Any CPU
		{5137A202-549E-4E98-BFFD-AAF36F9598E7}.Debug|Any CPU.ActiveCfg = Debug|Any CPU
		{5137A202-549E-4E98-BFFD-AAF36F9598E7}.Debug|Any CPU.Build.0 = Debug|Any CPU
		{5137A202-549E-4E98-BFFD-AAF36F9598E7}.Debug|Mixed Platforms.ActiveCfg = Debug|Any CPU
		{5137A202-549E-4E98-BFFD-AAF36F9598E7}.Debug|Mixed Platforms.Build.0 = Debug|Any CPU
		{5137A202-549E-4E98-BFFD-AAF36F9598E7}.Debug|x86.ActiveCfg = Debug|Any CPU
		{5137A202-549E-4E98-BFFD-AAF36F9598E7}.Release|Any CPU.ActiveCfg = Release|Any CPU
		{5137A202-549E-4E98-BFFD-AAF36F9598E7}.Release|Any CPU.Build.0 = Release|Any CPU
		{5137A202-549E-4E98-BFFD-AAF36F9598E7}.Release|Mixed Platforms.ActiveCfg = Release|Any CPU
		{5137A202-549E-4E98-BFFD-AAF36F9598E7}.Release|Mixed Platforms.Build.0 = Release|Any CPU
		{5137A202-549E-4E98-BFFD-AAF36F9598E7}.Release|x86.ActiveCfg = Release|Any CPU
		{C25BCD4E-6BFB-4DEC-8668-74D544376D35}.Debug|Any CPU.ActiveCfg = Debug|Any CPU
		{C25BCD4E-6BFB-4DEC-8668-74D544376D35}.Debug|Any CPU.Build.0 = Debug|Any CPU
		{C25BCD4E-6BFB-4DEC-8668-74D544376D35}.Debug|Mixed Platforms.ActiveCfg = Debug|Any CPU
		{C25BCD4E-6BFB-4DEC-8668-74D544376D35}.Debug|Mixed Platforms.Build.0 = Debug|Any CPU
		{C25BCD4E-6BFB-4DEC-8668-74D544376D35}.Debug|x86.ActiveCfg = Debug|Any CPU
		{C25BCD4E-6BFB-4DEC-8668-74D544376D35}.Release|Any CPU.ActiveCfg = Release|Any CPU
		{C25BCD4E-6BFB-4DEC-8668-74D544376D35}.Release|Any CPU.Build.0 = Release|Any CPU
		{C25BCD4E-6BFB-4DEC-8668-74D544376D35}.Release|Mixed Platforms.ActiveCfg = Release|Any CPU
		{C25BCD4E-6BFB-4DEC-8668-74D544376D35}.Release|Mixed Platforms.Build.0 = Release|Any CPU
		{C25BCD4E-6BFB-4DEC-8668-74D544376D35}.Release|x86.ActiveCfg = Release|Any CPU
		{5A53DD0B-686A-42CE-8090-8002680E7A8C}.Debug|Any CPU.ActiveCfg = Debug|x86
		{5A53DD0B-686A-42CE-8090-8002680E7A8C}.Debug|Mixed Platforms.ActiveCfg = Debug|x86
		{5A53DD0B-686A-42CE-8090-8002680E7A8C}.Debug|Mixed Platforms.Build.0 = Debug|x86
		{5A53DD0B-686A-42CE-8090-8002680E7A8C}.Debug|x86.ActiveCfg = Debug|x86
		{5A53DD0B-686A-42CE-8090-8002680E7A8C}.Debug|x86.Build.0 = Debug|x86
		{5A53DD0B-686A-42CE-8090-8002680E7A8C}.Release|Any CPU.ActiveCfg = Release|x86
		{5A53DD0B-686A-42CE-8090-8002680E7A8C}.Release|Mixed Platforms.ActiveCfg = Release|x86
		{5A53DD0B-686A-42CE-8090-8002680E7A8C}.Release|Mixed Platforms.Build.0 = Release|x86
		{5A53DD0B-686A-42CE-8090-8002680E7A8C}.Release|x86.ActiveCfg = Release|x86
		{5A53DD0B-686A-42CE-8090-8002680E7A8C}.Release|x86.Build.0 = Release|x86
	EndGlobalSection
	GlobalSection(SolutionProperties) = preSolution
		HideSolutionNode = FALSE
	EndGlobalSection
EndGlobal
